
Microsoft Visual Studio Solution File, Format Version 12.00
# Visual Studio 15
VisualStudioVersion = 15.0.26228.12
MinimumVisualStudioVersion = 10.0.40219.1
Project("{FAE04EC0-301F-11D3-BF4B-00C04F79EFBC}") = "iwSubjects.DAL", "iwSubjects\iwSubjects.DAL.csproj", "{C152EBF4-3D41-4F2D-BADE-691B79A6523C}"
EndProject
Project("{FAE04EC0-301F-11D3-BF4B-00C04F79EFBC}") = "iwTests", "iwTests\iwTests.csproj", "{B81CABA7-1BE5-4F71-B39D-4544289FE3EF}"
EndProject
Project("{FAE04EC0-301F-11D3-BF4B-00C04F79EFBC}") = "iwSubjects.BL", "iwSubjects.BL\iwSubjects.BL.csproj", "{FBDEA95E-7135-43EF-A614-A6CE54479212}"
EndProject
Project("{FAE04EC0-301F-11D3-BF4B-00C04F79EFBC}") = "iwSubjects.WPF", "iwSubjects.WPF\iwSubjects.WPF.csproj", "{FA019478-23D4-49DB-B7A3-F7C48BE01E8A}"
EndProject
Global
	GlobalSection(SolutionConfigurationPlatforms) = preSolution
		Debug|Any CPU = Debug|Any CPU
		Release|Any CPU = Release|Any CPU
	EndGlobalSection
	GlobalSection(ProjectConfigurationPlatforms) = postSolution
		{C152EBF4-3D41-4F2D-BADE-691B79A6523C}.Debug|Any CPU.ActiveCfg = Debug|Any CPU
		{C152EBF4-3D41-4F2D-BADE-691B79A6523C}.Debug|Any CPU.Build.0 = Debug|Any CPU
		{C152EBF4-3D41-4F2D-BADE-691B79A6523C}.Release|Any CPU.ActiveCfg = Release|Any CPU
		{C152EBF4-3D41-4F2D-BADE-691B79A6523C}.Release|Any CPU.Build.0 = Release|Any CPU
		{B81CABA7-1BE5-4F71-B39D-4544289FE3EF}.Debug|Any CPU.ActiveCfg = Debug|Any CPU
		{B81CABA7-1BE5-4F71-B39D-4544289FE3EF}.Debug|Any CPU.Build.0 = Debug|Any CPU
		{B81CABA7-1BE5-4F71-B39D-4544289FE3EF}.Release|Any CPU.ActiveCfg = Release|Any CPU
		{B81CABA7-1BE5-4F71-B39D-4544289FE3EF}.Release|Any CPU.Build.0 = Release|Any CPU
		{FBDEA95E-7135-43EF-A614-A6CE54479212}.Debug|Any CPU.ActiveCfg = Debug|Any CPU
		{FBDEA95E-7135-43EF-A614-A6CE54479212}.Debug|Any CPU.Build.0 = Debug|Any CPU
		{FBDEA95E-7135-43EF-A614-A6CE54479212}.Release|Any CPU.ActiveCfg = Release|Any CPU
		{FBDEA95E-7135-43EF-A614-A6CE54479212}.Release|Any CPU.Build.0 = Release|Any CPU
		{FA019478-23D4-49DB-B7A3-F7C48BE01E8A}.Debug|Any CPU.ActiveCfg = Debug|Any CPU
		{FA019478-23D4-49DB-B7A3-F7C48BE01E8A}.Debug|Any CPU.Build.0 = Debug|Any CPU
		{FA019478-23D4-49DB-B7A3-F7C48BE01E8A}.Release|Any CPU.ActiveCfg = Release|Any CPU
		{FA019478-23D4-49DB-B7A3-F7C48BE01E8A}.Release|Any CPU.Build.0 = Release|Any CPU
	EndGlobalSection
	GlobalSection(SolutionProperties) = preSolution
		HideSolutionNode = FALSE
	EndGlobalSection
EndGlobal
